// !$*UTF8*$!
{
	archiveVersion = 1;
	classes = {
	};
	objectVersion = 48;
	objects = {

/* Begin PBXBuildFile section */
		65394DB62068AA9F0049BA69 /* AppDelegate.swift in Sources */ = {isa = PBXBuildFile; fileRef = 65394DB52068AA9F0049BA69 /* AppDelegate.swift */; };
		65394DB82068AA9F0049BA69 /* ViewController.swift in Sources */ = {isa = PBXBuildFile; fileRef = 65394DB72068AA9F0049BA69 /* ViewController.swift */; };
		65394DBB2068AA9F0049BA69 /* Main.storyboard in Resources */ = {isa = PBXBuildFile; fileRef = 65394DB92068AA9F0049BA69 /* Main.storyboard */; };
		65394DBD2068AA9F0049BA69 /* Assets.xcassets in Resources */ = {isa = PBXBuildFile; fileRef = 65394DBC2068AA9F0049BA69 /* Assets.xcassets */; };
		65394DC02068AA9F0049BA69 /* LaunchScreen.storyboard in Resources */ = {isa = PBXBuildFile; fileRef = 65394DBE2068AA9F0049BA69 /* LaunchScreen.storyboard */; };
/* End PBXBuildFile section */

/* Begin PBXFileReference section */
		65394DB22068AA9F0049BA69 /* elderlift.app */ = {isa = PBXFileReference; explicitFileType = wrapper.application; includeInIndex = 0; path = elderlift.app; sourceTree = BUILT_PRODUCTS_DIR; };
		65394DB52068AA9F0049BA69 /* AppDelegate.swift */ = {isa = PBXFileReference; lastKnownFileType = sourcecode.swift; path = AppDelegate.swift; sourceTree = "<group>"; };
		65394DB72068AA9F0049BA69 /* ViewController.swift */ = {isa = PBXFileReference; lastKnownFileType = sourcecode.swift; path = ViewController.swift; sourceTree = "<group>"; };
		65394DBA2068AA9F0049BA69 /* Base */ = {isa = PBXFileReference; lastKnownFileType = file.storyboard; name = Base; path = Base.lproj/Main.storyboard; sourceTree = "<group>"; };
		65394DBC2068AA9F0049BA69 /* Assets.xcassets */ = {isa = PBXFileReference; lastKnownFileType = folder.assetcatalog; path = Assets.xcassets; sourceTree = "<group>"; };
		65394DBF2068AA9F0049BA69 /* Base */ = {isa = PBXFileReference; lastKnownFileType = file.storyboard; name = Base; path = Base.lproj/LaunchScreen.storyboard; sourceTree = "<group>"; };
		65394DC12068AA9F0049BA69 /* Info.plist */ = {isa = PBXFileReference; lastKnownFileType = text.plist.xml; path = Info.plist; sourceTree = "<group>"; };
/* End PBXFileReference section */

/* Begin PBXFrameworksBuildPhase section */
		65394DAF2068AA9F0049BA69 /* Frameworks */ = {
			isa = PBXFrameworksBuildPhase;
			buildActionMask = 2147483647;
			files = (
			);
			runOnlyForDeploymentPostprocessing = 0;
		};
/* End PBXFrameworksBuildPhase section */

/* Begin PBXGroup section */
		65394DA92068AA9F0049BA69 = {
			isa = PBXGroup;
			children = (
				65394DB42068AA9F0049BA69 /* elderlift */,
				65394DB32068AA9F0049BA69 /* Products */,
			);
			sourceTree = "<group>";
		};
		65394DB32068AA9F0049BA69 /* Products */ = {
			isa = PBXGroup;
			children = (
				65394DB22068AA9F0049BA69 /* elderlift.app */,
			);
			name = Products;
			sourceTree = "<group>";
		};
		65394DB42068AA9F0049BA69 /* elderlift */ = {
			isa = PBXGroup;
			children = (
				65394DB52068AA9F0049BA69 /* AppDelegate.swift */,
				65394DB72068AA9F0049BA69 /* ViewController.swift */,
				65394DB92068AA9F0049BA69 /* Main.storyboard */,
				65394DBC2068AA9F0049BA69 /* Assets.xcassets */,
				65394DBE2068AA9F0049BA69 /* LaunchScreen.storyboard */,
				65394DC12068AA9F0049BA69 /* Info.plist */,
			);
			path = elderlift;
			sourceTree = "<group>";
		};
/* End PBXGroup section */

/* Begin PBXNativeTarget section */
		65394DB12068AA9F0049BA69 /* elderlift */ = {
			isa = PBXNativeTarget;
			buildConfigurationList = 65394DC42068AA9F0049BA69 /* Build configuration list for PBXNativeTarget "elderlift" */;
			buildPhases = (
				65394DAE2068AA9F0049BA69 /* Sources */,
				65394DAF2068AA9F0049BA69 /* Frameworks */,
				65394DB02068AA9F0049BA69 /* Resources */,
			);
			buildRules = (
			);
			dependencies = (
			);
			name = elderlift;
			productName = elderlift;
			productReference = 65394DB22068AA9F0049BA69 /* elderlift.app */;
			productType = "com.apple.product-type.application";
		};
/* End PBXNativeTarget section */

/* Begin PBXProject section */
		65394DAA2068AA9F0049BA69 /* Project object */ = {
			isa = PBXProject;
			attributes = {
				LastSwiftUpdateCheck = 0920;
				LastUpgradeCheck = 0920;
				ORGANIZATIONNAME = ktran;
				TargetAttributes = {
					65394DB12068AA9F0049BA69 = {
						CreatedOnToolsVersion = 9.2;
						ProvisioningStyle = Automatic;
					};
				};
			};
			buildConfigurationList = 65394DAD2068AA9F0049BA69 /* Build configuration list for PBXProject "elderlift" */;
			compatibilityVersion = "Xcode 8.0";
			developmentRegion = en;
			hasScannedForEncodings = 0;
			knownRegions = (
				en,
				Base,
			);
			mainGroup = 65394DA92068AA9F0049BA69;
			productRefGroup = 65394DB32068AA9F0049BA69 /* Products */;
			projectDirPath = "";
			projectRoot = "";
			targets = (
				65394DB12068AA9F0049BA69 /* elderlift */,
			);
		};
/* End PBXProject section */

/* Begin PBXResourcesBuildPhase section */
		65394DB02068AA9F0049BA69 /* Resources */ = {
			isa = PBXResourcesBuildPhase;
			buildActionMask = 2147483647;
			files = (
				65394DC02068AA9F0049BA69 /* LaunchScreen.storyboard in Resources */,
				65394DBD2068AA9F0049BA69 /* Assets.xcassets in Resources */,
				65394DBB2068AA9F0049BA69 /* Main.storyboard in Resources */,
			);
			runOnlyForDeploymentPostprocessing = 0;
		};
/* End PBXResourcesBuildPhase section */

/* Begin PBXSourcesBuildPhase section */
		65394DAE2068AA9F0049BA69 /* Sources */ = {
			isa = PBXSourcesBuildPhase;
			buildActionMask = 2147483647;
			files = (
				65394DB82068AA9F0049BA69 /* ViewController.swift in Sources */,
				65394DB62068AA9F0049BA69 /* AppDelegate.swift in Sources */,
			);
			runOnlyForDeploymentPostprocessing = 0;
		};
/* End PBXSourcesBuildPhase section */

/* Begin PBXVariantGroup section */
		65394DB92068AA9F0049BA69 /* Main.storyboard */ = {
			isa = PBXVariantGroup;
			children = (
				65394DBA2068AA9F0049BA69 /* Base */,
			);
			name = Main.storyboard;
			sourceTree = "<group>";
		};
		65394DBE2068AA9F0049BA69 /* LaunchScreen.storyboard */ = {
			isa = PBXVariantGroup;
			children = (
				65394DBF2068AA9F0049BA69 /* Base */,
			);
			name = LaunchScreen.storyboard;
			sourceTree = "<group>";
		};
/* End PBXVariantGroup section */

/* Begin XCBuildConfiguration section */
		65394DC22068AA9F0049BA69 /* Debug */ = {
			isa = XCBuildConfiguration;
			buildSettings = {
				ALWAYS_SEARCH_USER_PATHS = NO;
				CLANG_ANALYZER_NONNULL = YES;
				CLANG_ANALYZER_NUMBER_OBJECT_CONVERSION = YES_AGGRESSIVE;
				CLANG_CXX_LANGUAGE_STANDARD = "gnu++14";
				CLANG_CXX_LIBRARY = "libc++";
				CLANG_ENABLE_MODULES = YES;
				CLANG_ENABLE_OBJC_ARC = YES;
				CLANG_WARN_BLOCK_CAPTURE_AUTORELEASING = YES;
				CLANG_WARN_BOOL_CONVERSION = YES;
				CLANG_WARN_COMMA = YES;
				CLANG_WARN_CONSTANT_CONVERSION = YES;
				CLANG_WARN_DIRECT_OBJC_ISA_USAGE = YES_ERROR;
				CLANG_WARN_DOCUMENTATION_COMMENTS = YES;
				CLANG_WARN_EMPTY_BODY = YES;
				CLANG_WARN_ENUM_CONVERSION = YES;
				CLANG_WARN_INFINITE_RECURSION = YES;
				CLANG_WARN_INT_CONVERSION = YES;
				CLANG_WARN_NON_LITERAL_NULL_CONVERSION = YES;
				CLANG_WARN_OBJC_LITERAL_CONVERSION = YES;
				CLANG_WARN_OBJC_ROOT_CLASS = YES_ERROR;
				CLANG_WARN_RANGE_LOOP_ANALYSIS = YES;
				CLANG_WARN_STRICT_PROTOTYPES = YES;
				CLANG_WARN_SUSPICIOUS_MOVE = YES;
				CLANG_WARN_UNGUARDED_AVAILABILITY = YES_AGGRESSIVE;
				CLANG_WARN_UNREACHABLE_CODE = YES;
				CLANG_WARN__DUPLICATE_METHOD_MATCH = YES;
				CODE_SIGN_IDENTITY = "iPhone Developer";
				COPY_PHASE_STRIP = NO;
				DEBUG_INFORMATION_FORMAT = dwarf;
				ENABLE_STRICT_OBJC_MSGSEND = YES;
				ENABLE_TESTABILITY = YES;
				GCC_C_LANGUAGE_STANDARD = gnu11;
				GCC_DYNAMIC_NO_PIC = NO;
				GCC_NO_COMMON_BLOCKS = YES;
				GCC_OPTIMIZATION_LEVEL = 0;
				GCC_PREPROCESSOR_DEFINITIONS = (
					"DEBUG=1",
					"$(inherited)",
				);
				GCC_WARN_64_TO_32_BIT_CONVERSION = YES;
				GCC_WARN_ABOUT_RETURN_TYPE = YES_ERROR;
				GCC_WARN_UNDECLARED_SELECTOR = YES;
				GCC_WARN_UNINITIALIZED_AUTOS = YES_AGGRESSIVE;
				GCC_WARN_UNUSED_FUNCTION = YES;
				GCC_WARN_UNUSED_VARIABLE = YES;
				IPHONEOS_DEPLOYMENT_TARGET = 11.2;
				MTL_ENABLE_DEBUG_INFO = YES;
				ONLY_ACTIVE_ARCH = YES;
				SDKROOT = iphoneos;
				SWIFT_ACTIVE_COMPILATION_CONDITIONS = DEBUG;
				SWIFT_OPTIMIZATION_LEVEL = "-Onone";
			};
			name = Debug;
		};
		65394DC32068AA9F0049BA69 /* Release */ = {
			isa = XCBuildConfiguration;
			buildSettings = {
				ALWAYS_SEARCH_USER_PATHS = NO;
				CLANG_ANALYZER_NONNULL = YES;
				CLANG_ANALYZER_NUMBER_OBJECT_CONVERSION = YES_AGGRESSIVE;
				CLANG_CXX_LANGUAGE_STANDARD = "gnu++14";
				CLANG_CXX_LIBRARY = "libc++";
				CLANG_ENABLE_MODULES = YES;
				CLANG_ENABLE_OBJC_ARC = YES;
				CLANG_WARN_BLOCK_CAPTURE_AUTORELEASING = YES;
				CLANG_WARN_BOOL_CONVERSION = YES;
				CLANG_WARN_COMMA = YES;
				CLANG_WARN_CONSTANT_CONVERSION = YES;
				CLANG_WARN_DIRECT_OBJC_ISA_USAGE = YES_ERROR;
				CLANG_WARN_DOCUMENTATION_COMMENTS = YES;
				CLANG_WARN_EMPTY_BODY = YES;
				CLANG_WARN_ENUM_CONVERSION = YES;
				CLANG_WARN_INFINITE_RECURSION = YES;
				CLANG_WARN_INT_CONVERSION = YES;
				CLANG_WARN_NON_LITERAL_NULL_CONVERSION = YES;
				CLANG_WARN_OBJC_LITERAL_CONVERSION = YES;
				CLANG_WARN_OBJC_ROOT_CLASS = YES_ERROR;
				CLANG_WARN_RANGE_LOOP_ANALYSIS = YES;
				CLANG_WARN_STRICT_PROTOTYPES = YES;
				CLANG_WARN_SUSPICIOUS_MOVE = YES;
				CLANG_WARN_UNGUARDED_AVAILABILITY = YES_AGGRESSIVE;
				CLANG_WARN_UNREACHABLE_CODE = YES;
				CLANG_WARN__DUPLICATE_METHOD_MATCH = YES;
				CODE_SIGN_IDENTITY = "iPhone Developer";
				COPY_PHASE_STRIP = NO;
				DEBUG_INFORMATION_FORMAT = "dwarf-with-dsym";
				ENABLE_NS_ASSERTIONS = NO;
				ENABLE_STRICT_OBJC_MSGSEND = YES;
				GCC_C_LANGUAGE_STANDARD = gnu11;
				GCC_NO_COMMON_BLOCKS = YES;
				GCC_WARN_64_TO_32_BIT_CONVERSION = YES;
				GCC_WARN_ABOUT_RETURN_TYPE = YES_ERROR;
				GCC_WARN_UNDECLARED_SELECTOR = YES;
				GCC_WARN_UNINITIALIZED_AUTOS = YES_AGGRESSIVE;
				GCC_WARN_UNUSED_FUNCTION = YES;
				GCC_WARN_UNUSED_VARIABLE = YES;
				IPHONEOS_DEPLOYMENT_TARGET = 11.2;
				MTL_ENABLE_DEBUG_INFO = NO;
				SDKROOT = iphoneos;
				SWIFT_OPTIMIZATION_LEVEL = "-Owholemodule";
				VALIDATE_PRODUCT = YES;
			};
			name = Release;
		};
		65394DC52068AA9F0049BA69 /* Debug */ = {
			isa = XCBuildConfiguration;
			buildSettings = {
				ASSETCATALOG_COMPILER_APPICON_NAME = AppIcon;
				CODE_SIGN_STYLE = Automatic;
				DEVELOPMENT_TEAM = Y6PR999CDT;
				INFOPLIST_FILE = elderlift/Info.plist;
				LD_RUNPATH_SEARCH_PATHS = "$(inherited) @executable_path/Frameworks";
				PRODUCT_BUNDLE_IDENTIFIER = com.ktran.elderlift;
				PRODUCT_NAME = "$(TARGET_NAME)";
				SWIFT_VERSION = 4.0;
				TARGETED_DEVICE_FAMILY = "1,2";
			};
			name = Debug;
		};
		65394DC62068AA9F0049BA69 /* Release */ = {
			isa = XCBuildConfiguration;
			buildSettings = {
				ASSETCATALOG_COMPILER_APPICON_NAME = AppIcon;
				CODE_SIGN_STYLE = Automatic;
				DEVELOPMENT_TEAM = Y6PR999CDT;
				INFOPLIST_FILE = elderlift/Info.plist;
				LD_RUNPATH_SEARCH_PATHS = "$(inherited) @executable_path/Frameworks";
				PRODUCT_BUNDLE_IDENTIFIER = com.ktran.elderlift;
				PRODUCT_NAME = "$(TARGET_NAME)";
				SWIFT_VERSION = 4.0;
				TARGETED_DEVICE_FAMILY = "1,2";
			};
			name = Release;
		};
/* End XCBuildConfiguration section */

/* Begin XCConfigurationList section */
		65394DAD2068AA9F0049BA69 /* Build configuration list for PBXProject "elderlift" */ = {
			isa = XCConfigurationList;
			buildConfigurations = (
				65394DC22068AA9F0049BA69 /* Debug */,
				65394DC32068AA9F0049BA69 /* Release */,
			);
			defaultConfigurationIsVisible = 0;
			defaultConfigurationName = Release;
		};
		65394DC42068AA9F0049BA69 /* Build configuration list for PBXNativeTarget "elderlift" */ = {
			isa = XCConfigurationList;
			buildConfigurations = (
				65394DC52068AA9F0049BA69 /* Debug */,
				65394DC62068AA9F0049BA69 /* Release */,
			);
			defaultConfigurationIsVisible = 0;
			defaultConfigurationName = Release;
		};
/* End XCConfigurationList section */
	};
	rootObject = 65394DAA2068AA9F0049BA69 /* Project object */;
}
